// !$*UTF8*$!
{
	archiveVersion = 1;
	classes = {
	};
	objectVersion = 48;
	objects = {

/* Begin PBXBuildFile section */
		04571992204B07A0005C8248 /* AppDelegate.m in Sources */ = {isa = PBXBuildFile; fileRef = 04571991204B07A0005C8248 /* AppDelegate.m */; };
		04571995204B07A0005C8248 /* ViewController.m in Sources */ = {isa = PBXBuildFile; fileRef = 04571994204B07A0005C8248 /* ViewController.m */; };
		04571998204B07A0005C8248 /* Main.storyboard in Resources */ = {isa = PBXBuildFile; fileRef = 04571996204B07A0005C8248 /* Main.storyboard */; };
		0457199A204B07A0005C8248 /* Assets.xcassets in Resources */ = {isa = PBXBuildFile; fileRef = 04571999204B07A0005C8248 /* Assets.xcassets */; };
		0457199D204B07A0005C8248 /* LaunchScreen.storyboard in Resources */ = {isa = PBXBuildFile; fileRef = 0457199B204B07A0005C8248 /* LaunchScreen.storyboard */; };
		045719A0204B07A0005C8248 /* main.m in Sources */ = {isa = PBXBuildFile; fileRef = 0457199F204B07A0005C8248 /* main.m */; };
		045719AA204B07A0005C8248 /* TestAppTests.m in Sources */ = {isa = PBXBuildFile; fileRef = 045719A9204B07A0005C8248 /* TestAppTests.m */; };
		045719B5204B07A0005C8248 /* TestAppUITests.m in Sources */ = {isa = PBXBuildFile; fileRef = 045719B4204B07A0005C8248 /* TestAppUITests.m */; };
/* End PBXBuildFile section */

/* Begin PBXContainerItemProxy section */
		045719A6204B07A0005C8248 /* PBXContainerItemProxy */ = {
			isa = PBXContainerItemProxy;
			containerPortal = 04571985204B07A0005C8248 /* Project object */;
			proxyType = 1;
			remoteGlobalIDString = 0457198C204B07A0005C8248;
			remoteInfo = TestApp;
		};
		045719B1204B07A0005C8248 /* PBXContainerItemProxy */ = {
			isa = PBXContainerItemProxy;
			containerPortal = 04571985204B07A0005C8248 /* Project object */;
			proxyType = 1;
			remoteGlobalIDString = 0457198C204B07A0005C8248;
			remoteInfo = TestApp;
		};
/* End PBXContainerItemProxy section */

/* Begin PBXFileReference section */
		0457198D204B07A0005C8248 /* TestApp.app */ = {isa = PBXFileReference; explicitFileType = wrapper.application; includeInIndex = 0; path = TestApp.app; sourceTree = BUILT_PRODUCTS_DIR; };
		04571990204B07A0005C8248 /* AppDelegate.h */ = {isa = PBXFileReference; lastKnownFileType = sourcecode.c.h; path = AppDelegate.h; sourceTree = "<group>"; };
		04571991204B07A0005C8248 /* AppDelegate.m */ = {isa = PBXFileReference; lastKnownFileType = sourcecode.c.objc; path = AppDelegate.m; sourceTree = "<group>"; };
		04571993204B07A0005C8248 /* ViewController.h */ = {isa = PBXFileReference; lastKnownFileType = sourcecode.c.h; path = ViewController.h; sourceTree = "<group>"; };
		04571994204B07A0005C8248 /* ViewController.m */ = {isa = PBXFileReference; lastKnownFileType = sourcecode.c.objc; path = ViewController.m; sourceTree = "<group>"; };
		04571997204B07A0005C8248 /* Base */ = {isa = PBXFileReference; lastKnownFileType = file.storyboard; name = Base; path = Base.lproj/Main.storyboard; sourceTree = "<group>"; };
		04571999204B07A0005C8248 /* Assets.xcassets */ = {isa = PBXFileReference; lastKnownFileType = folder.assetcatalog; path = Assets.xcassets; sourceTree = "<group>"; };
		0457199C204B07A0005C8248 /* Base */ = {isa = PBXFileReference; lastKnownFileType = file.storyboard; name = Base; path = Base.lproj/LaunchScreen.storyboard; sourceTree = "<group>"; };
		0457199E204B07A0005C8248 /* Info.plist */ = {isa = PBXFileReference; lastKnownFileType = text.plist.xml; path = Info.plist; sourceTree = "<group>"; };
		0457199F204B07A0005C8248 /* main.m */ = {isa = PBXFileReference; lastKnownFileType = sourcecode.c.objc; path = main.m; sourceTree = "<group>"; };
		045719A5204B07A0005C8248 /* TestAppTests.xctest */ = {isa = PBXFileReference; explicitFileType = wrapper.cfbundle; includeInIndex = 0; path = TestAppTests.xctest; sourceTree = BUILT_PRODUCTS_DIR; };
		045719A9204B07A0005C8248 /* TestAppTests.m */ = {isa = PBXFileReference; lastKnownFileType = sourcecode.c.objc; path = TestAppTests.m; sourceTree = "<group>"; };
		045719AB204B07A0005C8248 /* Info.plist */ = {isa = PBXFileReference; lastKnownFileType = text.plist.xml; path = Info.plist; sourceTree = "<group>"; };
		045719B0204B07A0005C8248 /* TestAppUITests.xctest */ = {isa = PBXFileReference; explicitFileType = wrapper.cfbundle; includeInIndex = 0; path = TestAppUITests.xctest; sourceTree = BUILT_PRODUCTS_DIR; };
		045719B4204B07A0005C8248 /* TestAppUITests.m */ = {isa = PBXFileReference; lastKnownFileType = sourcecode.c.objc; path = TestAppUITests.m; sourceTree = "<group>"; };
		045719B6204B07A0005C8248 /* Info.plist */ = {isa = PBXFileReference; lastKnownFileType = text.plist.xml; path = Info.plist; sourceTree = "<group>"; };
/* End PBXFileReference section */

/* Begin PBXFrameworksBuildPhase section */
		0457198A204B07A0005C8248 /* Frameworks */ = {
			isa = PBXFrameworksBuildPhase;
			buildActionMask = 2147483647;
			files = (
			);
			runOnlyForDeploymentPostprocessing = 0;
		};
		045719A2204B07A0005C8248 /* Frameworks */ = {
			isa = PBXFrameworksBuildPhase;
			buildActionMask = 2147483647;
			files = (
			);
			runOnlyForDeploymentPostprocessing = 0;
		};
		045719AD204B07A0005C8248 /* Frameworks */ = {
			isa = PBXFrameworksBuildPhase;
			buildActionMask = 2147483647;
			files = (
			);
			runOnlyForDeploymentPostprocessing = 0;
		};
/* End PBXFrameworksBuildPhase section */

/* Begin PBXGroup section */
		04571984204B07A0005C8248 = {
			isa = PBXGroup;
			children = (
				0457198F204B07A0005C8248 /* TestApp */,
				045719A8204B07A0005C8248 /* TestAppTests */,
				045719B3204B07A0005C8248 /* TestAppUITests */,
				0457198E204B07A0005C8248 /* Products */,
			);
			sourceTree = "<group>";
		};
		0457198E204B07A0005C8248 /* Products */ = {
			isa = PBXGroup;
			children = (
				0457198D204B07A0005C8248 /* TestApp.app */,
				045719A5204B07A0005C8248 /* TestAppTests.xctest */,
				045719B0204B07A0005C8248 /* TestAppUITests.xctest */,
			);
			name = Products;
			sourceTree = "<group>";
		};
		0457198F204B07A0005C8248 /* TestApp */ = {
			isa = PBXGroup;
			children = (
				04571990204B07A0005C8248 /* AppDelegate.h */,
				04571991204B07A0005C8248 /* AppDelegate.m */,
				04571993204B07A0005C8248 /* ViewController.h */,
				04571994204B07A0005C8248 /* ViewController.m */,
				04571996204B07A0005C8248 /* Main.storyboard */,
				04571999204B07A0005C8248 /* Assets.xcassets */,
				0457199B204B07A0005C8248 /* LaunchScreen.storyboard */,
				0457199E204B07A0005C8248 /* Info.plist */,
				0457199F204B07A0005C8248 /* main.m */,
			);
			path = TestApp;
			sourceTree = "<group>";
		};
		045719A8204B07A0005C8248 /* TestAppTests */ = {
			isa = PBXGroup;
			children = (
				045719A9204B07A0005C8248 /* TestAppTests.m */,
				045719AB204B07A0005C8248 /* Info.plist */,
			);
			path = TestAppTests;
			sourceTree = "<group>";
		};
		045719B3204B07A0005C8248 /* TestAppUITests */ = {
			isa = PBXGroup;
			children = (
				045719B4204B07A0005C8248 /* TestAppUITests.m */,
				045719B6204B07A0005C8248 /* Info.plist */,
			);
			path = TestAppUITests;
			sourceTree = "<group>";
		};
/* End PBXGroup section */

/* Begin PBXNativeTarget section */
		0457198C204B07A0005C8248 /* TestApp */ = {
			isa = PBXNativeTarget;
			buildConfigurationList = 045719B9204B07A0005C8248 /* Build configuration list for PBXNativeTarget "TestApp" */;
			buildPhases = (
				04571989204B07A0005C8248 /* Sources */,
				0457198A204B07A0005C8248 /* Frameworks */,
				0457198B204B07A0005C8248 /* Resources */,
			);
			buildRules = (
			);
			dependencies = (
			);
			name = TestApp;
			productName = TestApp;
			productReference = 0457198D204B07A0005C8248 /* TestApp.app */;
			productType = "com.apple.product-type.application";
		};
		045719A4204B07A0005C8248 /* TestAppTests */ = {
			isa = PBXNativeTarget;
			buildConfigurationList = 045719BC204B07A0005C8248 /* Build configuration list for PBXNativeTarget "TestAppTests" */;
			buildPhases = (
				045719A1204B07A0005C8248 /* Sources */,
				045719A2204B07A0005C8248 /* Frameworks */,
				045719A3204B07A0005C8248 /* Resources */,
			);
			buildRules = (
			);
			dependencies = (
				045719A7204B07A0005C8248 /* PBXTargetDependency */,
			);
			name = TestAppTests;
			productName = TestAppTests;
			productReference = 045719A5204B07A0005C8248 /* TestAppTests.xctest */;
			productType = "com.apple.product-type.bundle.unit-test";
		};
		045719AF204B07A0005C8248 /* TestAppUITests */ = {
			isa = PBXNativeTarget;
			buildConfigurationList = 045719BF204B07A0005C8248 /* Build configuration list for PBXNativeTarget "TestAppUITests" */;
			buildPhases = (
				045719AC204B07A0005C8248 /* Sources */,
				045719AD204B07A0005C8248 /* Frameworks */,
				045719AE204B07A0005C8248 /* Resources */,
			);
			buildRules = (
			);
			dependencies = (
				045719B2204B07A0005C8248 /* PBXTargetDependency */,
			);
			name = TestAppUITests;
			productName = TestAppUITests;
			productReference = 045719B0204B07A0005C8248 /* TestAppUITests.xctest */;
			productType = "com.apple.product-type.bundle.ui-testing";
		};
/* End PBXNativeTarget section */

/* Begin PBXProject section */
		04571985204B07A0005C8248 /* Project object */ = {
			isa = PBXProject;
			attributes = {
				LastUpgradeCheck = 0920;
				ORGANIZATIONNAME = chzhjk;
				TargetAttributes = {
					0457198C204B07A0005C8248 = {
						CreatedOnToolsVersion = 9.2;
						ProvisioningStyle = Automatic;
					};
					045719A4204B07A0005C8248 = {
						CreatedOnToolsVersion = 9.2;
						ProvisioningStyle = Automatic;
						TestTargetID = 0457198C204B07A0005C8248;
					};
					045719AF204B07A0005C8248 = {
						CreatedOnToolsVersion = 9.2;
						ProvisioningStyle = Automatic;
						TestTargetID = 0457198C204B07A0005C8248;
					};
				};
			};
			buildConfigurationList = 04571988204B07A0005C8248 /* Build configuration list for PBXProject "TestApp" */;
			compatibilityVersion = "Xcode 8.0";
			developmentRegion = en;
			hasScannedForEncodings = 0;
			knownRegions = (
				en,
				Base,
			);
			mainGroup = 04571984204B07A0005C8248;
			productRefGroup = 0457198E204B07A0005C8248 /* Products */;
			projectDirPath = "";
			projectRoot = "";
			targets = (
				0457198C204B07A0005C8248 /* TestApp */,
				045719A4204B07A0005C8248 /* TestAppTests */,
				045719AF204B07A0005C8248 /* TestAppUITests */,
			);
		};
/* End PBXProject section */

/* Begin PBXResourcesBuildPhase section */
		0457198B204B07A0005C8248 /* Resources */ = {
			isa = PBXResourcesBuildPhase;
			buildActionMask = 2147483647;
			files = (
				0457199D204B07A0005C8248 /* LaunchScreen.storyboard in Resources */,
				0457199A204B07A0005C8248 /* Assets.xcassets in Resources */,
				04571998204B07A0005C8248 /* Main.storyboard in Resources */,
			);
			runOnlyForDeploymentPostprocessing = 0;
		};
		045719A3204B07A0005C8248 /* Resources */ = {
			isa = PBXResourcesBuildPhase;
			buildActionMask = 2147483647;
			files = (
			);
			runOnlyForDeploymentPostprocessing = 0;
		};
		045719AE204B07A0005C8248 /* Resources */ = {
			isa = PBXResourcesBuildPhase;
			buildActionMask = 2147483647;
			files = (
			);
			runOnlyForDeploymentPostprocessing = 0;
		};
/* End PBXResourcesBuildPhase section */

/* Begin PBXSourcesBuildPhase section */
		04571989204B07A0005C8248 /* Sources */ = {
			isa = PBXSourcesBuildPhase;
			buildActionMask = 2147483647;
			files = (
				04571995204B07A0005C8248 /* ViewController.m in Sources */,
				045719A0204B07A0005C8248 /* main.m in Sources */,
				04571992204B07A0005C8248 /* AppDelegate.m in Sources */,
			);
			runOnlyForDeploymentPostprocessing = 0;
		};
		045719A1204B07A0005C8248 /* Sources */ = {
			isa = PBXSourcesBuildPhase;
			buildActionMask = 2147483647;
			files = (
				045719AA204B07A0005C8248 /* TestAppTests.m in Sources */,
			);
			runOnlyForDeploymentPostprocessing = 0;
		};
		045719AC204B07A0005C8248 /* Sources */ = {
			isa = PBXSourcesBuildPhase;
			buildActionMask = 2147483647;
			files = (
				045719B5204B07A0005C8248 /* TestAppUITests.m in Sources */,
			);
			runOnlyForDeploymentPostprocessing = 0;
		};
/* End PBXSourcesBuildPhase section */

/* Begin PBXTargetDependency section */
		045719A7204B07A0005C8248 /* PBXTargetDependency */ = {
			isa = PBXTargetDependency;
			target = 0457198C204B07A0005C8248 /* TestApp */;
			targetProxy = 045719A6204B07A0005C8248 /* PBXContainerItemProxy */;
		};
		045719B2204B07A0005C8248 /* PBXTargetDependency */ = {
			isa = PBXTargetDependency;
			target = 0457198C204B07A0005C8248 /* TestApp */;
			targetProxy = 045719B1204B07A0005C8248 /* PBXContainerItemProxy */;
		};
/* End PBXTargetDependency section */

/* Begin PBXVariantGroup section */
		04571996204B07A0005C8248 /* Main.storyboard */ = {
			isa = PBXVariantGroup;
			children = (
				04571997204B07A0005C8248 /* Base */,
			);
			name = Main.storyboard;
			sourceTree = "<group>";
		};
		0457199B204B07A0005C8248 /* LaunchScreen.storyboard */ = {
			isa = PBXVariantGroup;
			children = (
				0457199C204B07A0005C8248 /* Base */,
			);
			name = LaunchScreen.storyboard;
			sourceTree = "<group>";
		};
/* End PBXVariantGroup section */

/* Begin XCBuildConfiguration section */
		045719B7204B07A0005C8248 /* Debug */ = {
			isa = XCBuildConfiguration;
			buildSettings = {
				ALWAYS_SEARCH_USER_PATHS = NO;
				CLANG_ANALYZER_NONNULL = YES;
				CLANG_ANALYZER_NUMBER_OBJECT_CONVERSION = YES_AGGRESSIVE;
				CLANG_CXX_LANGUAGE_STANDARD = "gnu++14";
				CLANG_CXX_LIBRARY = "libc++";
				CLANG_ENABLE_MODULES = YES;
				CLANG_ENABLE_OBJC_ARC = YES;
				CLANG_WARN_BLOCK_CAPTURE_AUTORELEASING = YES;
				CLANG_WARN_BOOL_CONVERSION = YES;
				CLANG_WARN_COMMA = YES;
				CLANG_WARN_CONSTANT_CONVERSION = YES;
				CLANG_WARN_DIRECT_OBJC_ISA_USAGE = YES_ERROR;
				CLANG_WARN_DOCUMENTATION_COMMENTS = YES;
				CLANG_WARN_EMPTY_BODY = YES;
				CLANG_WARN_ENUM_CONVERSION = YES;
				CLANG_WARN_INFINITE_RECURSION = YES;
				CLANG_WARN_INT_CONVERSION = YES;
				CLANG_WARN_NON_LITERAL_NULL_CONVERSION = YES;
				CLANG_WARN_OBJC_LITERAL_CONVERSION = YES;
				CLANG_WARN_OBJC_ROOT_CLASS = YES_ERROR;
				CLANG_WARN_RANGE_LOOP_ANALYSIS = YES;
				CLANG_WARN_STRICT_PROTOTYPES = YES;
				CLANG_WARN_SUSPICIOUS_MOVE = YES;
				CLANG_WARN_UNGUARDED_AVAILABILITY = YES_AGGRESSIVE;
				CLANG_WARN_UNREACHABLE_CODE = YES;
				CLANG_WARN__DUPLICATE_METHOD_MATCH = YES;
				CODE_SIGN_IDENTITY = "iPhone Developer";
				COPY_PHASE_STRIP = NO;
				DEBUG_INFORMATION_FORMAT = dwarf;
				ENABLE_STRICT_OBJC_MSGSEND = YES;
				ENABLE_TESTABILITY = YES;
				GCC_C_LANGUAGE_STANDARD = gnu11;
				GCC_DYNAMIC_NO_PIC = NO;
				GCC_NO_COMMON_BLOCKS = YES;
				GCC_OPTIMIZATION_LEVEL = 0;
				GCC_PREPROCESSOR_DEFINITIONS = (
					"DEBUG=1",
					"$(inherited)",
				);
				GCC_WARN_64_TO_32_BIT_CONVERSION = YES;
				GCC_WARN_ABOUT_RETURN_TYPE = YES_ERROR;
				GCC_WARN_UNDECLARED_SELECTOR = YES;
				GCC_WARN_UNINITIALIZED_AUTOS = YES_AGGRESSIVE;
				GCC_WARN_UNUSED_FUNCTION = YES;
				GCC_WARN_UNUSED_VARIABLE = YES;
				IPHONEOS_DEPLOYMENT_TARGET = 11.2;
				MTL_ENABLE_DEBUG_INFO = YES;
				ONLY_ACTIVE_ARCH = YES;
				SDKROOT = iphoneos;
			};
			name = Debug;
		};
		045719B8204B07A0005C8248 /* Release */ = {
			isa = XCBuildConfiguration;
			buildSettings = {
				ALWAYS_SEARCH_USER_PATHS = NO;
				CLANG_ANALYZER_NONNULL = YES;
				CLANG_ANALYZER_NUMBER_OBJECT_CONVERSION = YES_AGGRESSIVE;
				CLANG_CXX_LANGUAGE_STANDARD = "gnu++14";
				CLANG_CXX_LIBRARY = "libc++";
				CLANG_ENABLE_MODULES = YES;
				CLANG_ENABLE_OBJC_ARC = YES;
				CLANG_WARN_BLOCK_CAPTURE_AUTORELEASING = YES;
				CLANG_WARN_BOOL_CONVERSION = YES;
				CLANG_WARN_COMMA = YES;
				CLANG_WARN_CONSTANT_CONVERSION = YES;
				CLANG_WARN_DIRECT_OBJC_ISA_USAGE = YES_ERROR;
				CLANG_WARN_DOCUMENTATION_COMMENTS = YES;
				CLANG_WARN_EMPTY_BODY = YES;
				CLANG_WARN_ENUM_CONVERSION = YES;
				CLANG_WARN_INFINITE_RECURSION = YES;
				CLANG_WARN_INT_CONVERSION = YES;
				CLANG_WARN_NON_LITERAL_NULL_CONVERSION = YES;
				CLANG_WARN_OBJC_LITERAL_CONVERSION = YES;
				CLANG_WARN_OBJC_ROOT_CLASS = YES_ERROR;
				CLANG_WARN_RANGE_LOOP_ANALYSIS = YES;
				CLANG_WARN_STRICT_PROTOTYPES = YES;
				CLANG_WARN_SUSPICIOUS_MOVE = YES;
				CLANG_WARN_UNGUARDED_AVAILABILITY = YES_AGGRESSIVE;
				CLANG_WARN_UNREACHABLE_CODE = YES;
				CLANG_WARN__DUPLICATE_METHOD_MATCH = YES;
				CODE_SIGN_IDENTITY = "iPhone Developer";
				COPY_PHASE_STRIP = NO;
				DEBUG_INFORMATION_FORMAT = "dwarf-with-dsym";
				ENABLE_NS_ASSERTIONS = NO;
				ENABLE_STRICT_OBJC_MSGSEND = YES;
				GCC_C_LANGUAGE_STANDARD = gnu11;
				GCC_NO_COMMON_BLOCKS = YES;
				GCC_WARN_64_TO_32_BIT_CONVERSION = YES;
				GCC_WARN_ABOUT_RETURN_TYPE = YES_ERROR;
				GCC_WARN_UNDECLARED_SELECTOR = YES;
				GCC_WARN_UNINITIALIZED_AUTOS = YES_AGGRESSIVE;
				GCC_WARN_UNUSED_FUNCTION = YES;
				GCC_WARN_UNUSED_VARIABLE = YES;
				IPHONEOS_DEPLOYMENT_TARGET = 11.2;
				MTL_ENABLE_DEBUG_INFO = NO;
				SDKROOT = iphoneos;
				VALIDATE_PRODUCT = YES;
			};
			name = Release;
		};
		045719BA204B07A0005C8248 /* Debug */ = {
			isa = XCBuildConfiguration;
			buildSettings = {
				ASSETCATALOG_COMPILER_APPICON_NAME = AppIcon;
				CODE_SIGN_STYLE = Automatic;
				DEVELOPMENT_TEAM = CSWYZRG643;
				INFOPLIST_FILE = TestApp/Info.plist;
				LD_RUNPATH_SEARCH_PATHS = "$(inherited) @executable_path/Frameworks";
				PRODUCT_BUNDLE_IDENTIFIER = com.tuotuoyi.TestApp;
				PRODUCT_NAME = "$(TARGET_NAME)";
				TARGETED_DEVICE_FAMILY = "1,2";
			};
			name = Debug;
		};
		045719BB204B07A0005C8248 /* Release */ = {
			isa = XCBuildConfiguration;
			buildSettings = {
				ASSETCATALOG_COMPILER_APPICON_NAME = AppIcon;
				CODE_SIGN_STYLE = Automatic;
				DEVELOPMENT_TEAM = CSWYZRG643;
				INFOPLIST_FILE = TestApp/Info.plist;
				LD_RUNPATH_SEARCH_PATHS = "$(inherited) @executable_path/Frameworks";
				PRODUCT_BUNDLE_IDENTIFIER = com.tuotuoyi.TestApp;
				PRODUCT_NAME = "$(TARGET_NAME)";
				TARGETED_DEVICE_FAMILY = "1,2";
			};
			name = Release;
		};
		045719BD204B07A0005C8248 /* Debug */ = {
			isa = XCBuildConfiguration;
			buildSettings = {
				BUNDLE_LOADER = "$(TEST_HOST)";
				CODE_SIGN_STYLE = Automatic;
				DEVELOPMENT_TEAM = CSWYZRG643;
				INFOPLIST_FILE = TestAppTests/Info.plist;
				LD_RUNPATH_SEARCH_PATHS = "$(inherited) @executable_path/Frameworks @loader_path/Frameworks";
				PRODUCT_BUNDLE_IDENTIFIER = com.tuotuoyi.TestAppTests;
				PRODUCT_NAME = "$(TARGET_NAME)";
				TARGETED_DEVICE_FAMILY = "1,2";
				TEST_HOST = "$(BUILT_PRODUCTS_DIR)/TestApp.app/TestApp";
			};
			name = Debug;
		};
		045719BE204B07A0005C8248 /* Release */ = {
			isa = XCBuildConfiguration;
			buildSettings = {
				BUNDLE_LOADER = "$(TEST_HOST)";
				CODE_SIGN_STYLE = Automatic;
				DEVELOPMENT_TEAM = CSWYZRG643;
				INFOPLIST_FILE = TestAppTests/Info.plist;
				LD_RUNPATH_SEARCH_PATHS = "$(inherited) @executable_path/Frameworks @loader_path/Frameworks";
				PRODUCT_BUNDLE_IDENTIFIER = com.tuotuoyi.TestAppTests;
				PRODUCT_NAME = "$(TARGET_NAME)";
				TARGETED_DEVICE_FAMILY = "1,2";
				TEST_HOST = "$(BUILT_PRODUCTS_DIR)/TestApp.app/TestApp";
			};
			name = Release;
		};
		045719C0204B07A0005C8248 /* Debug */ = {
			isa = XCBuildConfiguration;
			buildSettings = {
				CODE_SIGN_STYLE = Automatic;
				DEVELOPMENT_TEAM = CSWYZRG643;
				INFOPLIST_FILE = TestAppUITests/Info.plist;
				LD_RUNPATH_SEARCH_PATHS = "$(inherited) @executable_path/Frameworks @loader_path/Frameworks";
				PRODUCT_BUNDLE_IDENTIFIER = com.tuotuoyi.TestAppUITests;
				PRODUCT_NAME = "$(TARGET_NAME)";
				TARGETED_DEVICE_FAMILY = "1,2";
				TEST_TARGET_NAME = TestApp;
			};
			name = Debug;
		};
		045719C1204B07A0005C8248 /* Release */ = {
			isa = XCBuildConfiguration;
			buildSettings = {
				CODE_SIGN_STYLE = Automatic;
				DEVELOPMENT_TEAM = CSWYZRG643;
				INFOPLIST_FILE = TestAppUITests/Info.plist;
				LD_RUNPATH_SEARCH_PATHS = "$(inherited) @executable_path/Frameworks @loader_path/Frameworks";
				PRODUCT_BUNDLE_IDENTIFIER = com.tuotuoyi.TestAppUITests;
				PRODUCT_NAME = "$(TARGET_NAME)";
				TARGETED_DEVICE_FAMILY = "1,2";
				TEST_TARGET_NAME = TestApp;
			};
			name = Release;
		};
/* End XCBuildConfiguration section */

/* Begin XCConfigurationList section */
		04571988204B07A0005C8248 /* Build configuration list for PBXProject "TestApp" */ = {
			isa = XCConfigurationList;
			buildConfigurations = (
				045719B7204B07A0005C8248 /* Debug */,
				045719B8204B07A0005C8248 /* Release */,
			);
			defaultConfigurationIsVisible = 0;
			defaultConfigurationName = Release;
		};
		045719B9204B07A0005C8248 /* Build configuration list for PBXNativeTarget "TestApp" */ = {
			isa = XCConfigurationList;
			buildConfigurations = (
				045719BA204B07A0005C8248 /* Debug */,
				045719BB204B07A0005C8248 /* Release */,
			);
			defaultConfigurationIsVisible = 0;
			defaultConfigurationName = Release;
		};
		045719BC204B07A0005C8248 /* Build configuration list for PBXNativeTarget "TestAppTests" */ = {
			isa = XCConfigurationList;
			buildConfigurations = (
				045719BD204B07A0005C8248 /* Debug */,
				045719BE204B07A0005C8248 /* Release */,
			);
			defaultConfigurationIsVisible = 0;
			defaultConfigurationName = Release;
		};
		045719BF204B07A0005C8248 /* Build configuration list for PBXNativeTarget "TestAppUITests" */ = {
			isa = XCConfigurationList;
			buildConfigurations = (
				045719C0204B07A0005C8248 /* Debug */,
				045719C1204B07A0005C8248 /* Release */,
			);
			defaultConfigurationIsVisible = 0;
			defaultConfigurationName = Release;
		};
/* End XCConfigurationList section */
	};
	rootObject = 04571985204B07A0005C8248 /* Project object */;
}
